
Microsoft Visual Studio Solution File, Format Version 12.00
# Visual Studio Version 17
VisualStudioVersion = 17.0.32112.339
MinimumVisualStudioVersion = 10.0.40219.1
Project("{FAE04EC0-301F-11D3-BF4B-00C04F79EFBC}") = "application", "WindowsFormsApp1\application.csproj", "{C8BA88DB-843D-481F-A3E3-DC23BE0B0691}"
EndProject
Global
	GlobalSection(SolutionConfigurationPlatforms) = preSolution
		Debug|Any CPU = Debug|Any CPU
		Release|Any CPU = Release|Any CPU
	EndGlobalSection
	GlobalSection(ProjectConfigurationPlatforms) = postSolution
		{C8BA88DB-843D-481F-A3E3-DC23BE0B0691}.Debug|Any CPU.ActiveCfg = Debug|Any CPU
		{C8BA88DB-843D-481F-A3E3-DC23BE0B0691}.Debug|Any CPU.Build.0 = Debug|Any CPU
		{C8BA88DB-843D-481F-A3E3-DC23BE0B0691}.Release|Any CPU.ActiveCfg = Release|Any CPU
		{C8BA88DB-843D-481F-A3E3-DC23BE0B0691}.Release|Any CPU.Build.0 = Release|Any CPU
	EndGlobalSection
	GlobalSection(SolutionProperties) = preSolution
		HideSolutionNode = FALSE
	EndGlobalSection
	GlobalSection(ExtensibilityGlobals) = postSolution
		SolutionGuid = {47F1DFFA-164D-4083-932C-3696A0170587}
	EndGlobalSection
EndGlobal
